// !$*UTF8*$!
{
	archiveVersion = 1;
	classes = {
	};
	objectVersion = 46;
	objects = {

/* Begin PBXBuildFile section */
		417BEF921B5A4E0F00F896A5 /* GeneralConfig.plist in Resources */ = {isa = PBXBuildFile; fileRef = 417BEF911B5A4E0F00F896A5 /* GeneralConfig.plist */; };
		417BEF9A1B5A4F9300F896A5 /* ArrayDataSource.m in Sources */ = {isa = PBXBuildFile; fileRef = 417BEF991B5A4F9300F896A5 /* ArrayDataSource.m */; };
		417BEF9D1B5A535300F896A5 /* FileHelp.m in Sources */ = {isa = PBXBuildFile; fileRef = 417BEF9C1B5A535300F896A5 /* FileHelp.m */; };
		F00632231B9DA7D000C4D9C5 /* GalleryMenuSubView.swift in Sources */ = {isa = PBXBuildFile; fileRef = F00632221B9DA7D000C4D9C5 /* GalleryMenuSubView.swift */; };
		F028C1701B9C417A00B8CECA /* GalleryDetailController.swift in Sources */ = {isa = PBXBuildFile; fileRef = F028C16F1B9C417A00B8CECA /* GalleryDetailController.swift */; };
		F028C1761B9C435B00B8CECA /* GalleryMenuView.swift in Sources */ = {isa = PBXBuildFile; fileRef = F028C1751B9C435B00B8CECA /* GalleryMenuView.swift */; };
		F028C1781B9C43CA00B8CECA /* GalleryMenuButton.swift in Sources */ = {isa = PBXBuildFile; fileRef = F028C1771B9C43CA00B8CECA /* GalleryMenuButton.swift */; };
		F028C17A1B9C479300B8CECA /* GalleryMenuItem.swift in Sources */ = {isa = PBXBuildFile; fileRef = F028C1791B9C479300B8CECA /* GalleryMenuItem.swift */; };
		F0507E5D1B67561A007E9024 /* KnowledgeDetailController.swift in Sources */ = {isa = PBXBuildFile; fileRef = F0507E5C1B67561A007E9024 /* KnowledgeDetailController.swift */; };
		F0507E651B675666007E9024 /* ForumFloorListController.swift in Sources */ = {isa = PBXBuildFile; fileRef = F0507E641B675666007E9024 /* ForumFloorListController.swift */; };
		F0507E691B6756D3007E9024 /* KnowledgeListCell.swift in Sources */ = {isa = PBXBuildFile; fileRef = F0507E681B6756D3007E9024 /* KnowledgeListCell.swift */; };
		F05455561B7F9588004282F4 /* CHTCollectionViewWaterfallLayout.m in Sources */ = {isa = PBXBuildFile; fileRef = F05455551B7F9588004282F4 /* CHTCollectionViewWaterfallLayout.m */; };
		F08749B41B54B905006E1FD3 /* MainViewController.swift in Sources */ = {isa = PBXBuildFile; fileRef = F08749B31B54B905006E1FD3 /* MainViewController.swift */; };
		F08749BC1B54E872006E1FD3 /* GalleryViewController.swift in Sources */ = {isa = PBXBuildFile; fileRef = F08749BB1B54E872006E1FD3 /* GalleryViewController.swift */; };
		F08749BE1B54E89E006E1FD3 /* ProfileViewController.swift in Sources */ = {isa = PBXBuildFile; fileRef = F08749BD1B54E89E006E1FD3 /* ProfileViewController.swift */; };
		F092E2941B6A357B003D2D30 /* ForumFloorCell.swift in Sources */ = {isa = PBXBuildFile; fileRef = F092E2931B6A357B003D2D30 /* ForumFloorCell.swift */; };
		F09AB50B1B74A0BF00050A5C /* HomeGridViewController.swift in Sources */ = {isa = PBXBuildFile; fileRef = F09AB50A1B74A0BF00050A5C /* HomeGridViewController.swift */; };
		F09AB5111B74A0E400050A5C /* HomeGridCell.swift in Sources */ = {isa = PBXBuildFile; fileRef = F09AB5101B74A0E400050A5C /* HomeGridCell.swift */; };
		F09ADD791B563452009B3A6D /* PhoneMainTabBarButton.m in Sources */ = {isa = PBXBuildFile; fileRef = F09ADD781B563452009B3A6D /* PhoneMainTabBarButton.m */; };
		F09ADDA11B5640DD009B3A6D /* CommonDefine.swift in Sources */ = {isa = PBXBuildFile; fileRef = F09ADDA01B5640DD009B3A6D /* CommonDefine.swift */; };
		F09C7AA71B7CA60900648615 /* DSViewController.swift in Sources */ = {isa = PBXBuildFile; fileRef = F09C7AA61B7CA60900648615 /* DSViewController.swift */; };
		F09C7AB01B7CAEDC00648615 /* KASegmentButton.m in Sources */ = {isa = PBXBuildFile; fileRef = F09C7AAD1B7CAEDC00648615 /* KASegmentButton.m */; };
		F09C7AB11B7CAEDC00648615 /* KASegmentControl.m in Sources */ = {isa = PBXBuildFile; fileRef = F09C7AAF1B7CAEDC00648615 /* KASegmentControl.m */; };
		F0A1C3A31B5CCCDA001597CF /* MainConfig.swift in Sources */ = {isa = PBXBuildFile; fileRef = F0A1C3A21B5CCCDA001597CF /* MainConfig.swift */; };
		F0A1C3AB1B5CE296001597CF /* HomeTableCell.swift in Sources */ = {isa = PBXBuildFile; fileRef = F0A1C3AA1B5CE296001597CF /* HomeTableCell.swift */; };
		F0A20AC71B6246EA00F1F311 /* ApiBuilder.m in Sources */ = {isa = PBXBuildFile; fileRef = F0A20AC61B6246EA00F1F311 /* ApiBuilder.m */; };
		F0A20AD31B62499E00F1F311 /* CommonUtility.m in Sources */ = {isa = PBXBuildFile; fileRef = F0A20AD21B62499E00F1F311 /* CommonUtility.m */; };
		F0A20AD61B624A9500F1F311 /* CocoaSecurity.m in Sources */ = {isa = PBXBuildFile; fileRef = F0A20AD51B624A9500F1F311 /* CocoaSecurity.m */; };
		F0A20AD81B62548800F1F311 /* KnowledgeListController.swift in Sources */ = {isa = PBXBuildFile; fileRef = F0A20AD71B62548800F1F311 /* KnowledgeListController.swift */; };
		F0A5E13A1BA045FA00BDA6BA /* ForumNewThreadController.swift in Sources */ = {isa = PBXBuildFile; fileRef = F0A5E1391BA045FA00BDA6BA /* ForumNewThreadController.swift */; };
		F0A5E1401BA04B3800BDA6BA /* ForumFloorData.swift in Sources */ = {isa = PBXBuildFile; fileRef = F0A5E13F1BA04B3800BDA6BA /* ForumFloorData.swift */; };
		F0A5E1421BA04B4800BDA6BA /* ForumReplyData.swift in Sources */ = {isa = PBXBuildFile; fileRef = F0A5E1411BA04B4800BDA6BA /* ForumReplyData.swift */; };
		F0A5E1441BA04C5000BDA6BA /* UserInfoData.swift in Sources */ = {isa = PBXBuildFile; fileRef = F0A5E1431BA04C5000BDA6BA /* UserInfoData.swift */; };
		F0A5E1461BA0534400BDA6BA /* ForumReplyListController.swift in Sources */ = {isa = PBXBuildFile; fileRef = F0A5E1451BA0534400BDA6BA /* ForumReplyListController.swift */; };
		F0A5E1481BA0536000BDA6BA /* ForumReplyCell.swift in Sources */ = {isa = PBXBuildFile; fileRef = F0A5E1471BA0536000BDA6BA /* ForumReplyCell.swift */; };
		F0AA4F951B93ECE7007EDEA9 /* tabbar_forum0@2x~iphone.png in Resources */ = {isa = PBXBuildFile; fileRef = F0AA4F891B93ECE7007EDEA9 /* tabbar_forum0@2x~iphone.png */; };
		F0AA4F961B93ECE7007EDEA9 /* tabbar_forum0@3x~iphone.png in Resources */ = {isa = PBXBuildFile; fileRef = F0AA4F8A1B93ECE7007EDEA9 /* tabbar_forum0@3x~iphone.png */; };
		F0AA4F971B93ECE7007EDEA9 /* tabbar_forum1@2x~iphone.png in Resources */ = {isa = PBXBuildFile; fileRef = F0AA4F8B1B93ECE7007EDEA9 /* tabbar_forum1@2x~iphone.png */; };
		F0AA4F981B93ECE7007EDEA9 /* tabbar_forum1@3x~iphone.png in Resources */ = {isa = PBXBuildFile; fileRef = F0AA4F8C1B93ECE7007EDEA9 /* tabbar_forum1@3x~iphone.png */; };
		F0AA4F991B93ECE7007EDEA9 /* tabbar_gallery0@2x~iphone.png in Resources */ = {isa = PBXBuildFile; fileRef = F0AA4F8D1B93ECE7007EDEA9 /* tabbar_gallery0@2x~iphone.png */; };
		F0AA4F9A1B93ECE7007EDEA9 /* tabbar_gallery0@3x~iphone.png in Resources */ = {isa = PBXBuildFile; fileRef = F0AA4F8E1B93ECE7007EDEA9 /* tabbar_gallery0@3x~iphone.png */; };
		F0AA4F9B1B93ECE7007EDEA9 /* tabbar_gallery1@2x~iphone.png in Resources */ = {isa = PBXBuildFile; fileRef = F0AA4F8F1B93ECE7007EDEA9 /* tabbar_gallery1@2x~iphone.png */; };
		F0AA4F9C1B93ECE7007EDEA9 /* tabbar_gallery1@3x~iphone.png in Resources */ = {isa = PBXBuildFile; fileRef = F0AA4F901B93ECE7007EDEA9 /* tabbar_gallery1@3x~iphone.png */; };
		F0AA4F9D1B93ECE7007EDEA9 /* tabbar_profile0@2x~iphone.png in Resources */ = {isa = PBXBuildFile; fileRef = F0AA4F911B93ECE7007EDEA9 /* tabbar_profile0@2x~iphone.png */; };
		F0AA4F9E1B93ECE7007EDEA9 /* tabbar_profile0@3x~iphone.png in Resources */ = {isa = PBXBuildFile; fileRef = F0AA4F921B93ECE7007EDEA9 /* tabbar_profile0@3x~iphone.png */; };
		F0AA4F9F1B93ECE7007EDEA9 /* tabbar_profile1@2x~iphone.png in Resources */ = {isa = PBXBuildFile; fileRef = F0AA4F931B93ECE7007EDEA9 /* tabbar_profile1@2x~iphone.png */; };
		F0AA4FA01B93ECE7007EDEA9 /* tabbar_profile1@3x~iphone.png in Resources */ = {isa = PBXBuildFile; fileRef = F0AA4F941B93ECE7007EDEA9 /* tabbar_profile1@3x~iphone.png */; };
		F0AA4FAA1B93ED37007EDEA9 /* back_btn@2x~iphone.png in Resources */ = {isa = PBXBuildFile; fileRef = F0AA4FA71B93ED37007EDEA9 /* back_btn@2x~iphone.png */; };
		F0AA4FAB1B93ED37007EDEA9 /* back_btn@3x~iphone.png in Resources */ = {isa = PBXBuildFile; fileRef = F0AA4FA81B93ED37007EDEA9 /* back_btn@3x~iphone.png */; };
		F0AA4FAC1B93ED37007EDEA9 /* home_ad.jpg in Resources */ = {isa = PBXBuildFile; fileRef = F0AA4FA91B93ED37007EDEA9 /* home_ad.jpg */; };
		F0ADE21C1B55FEC8005E84FA /* DetailController.swift in Sources */ = {isa = PBXBuildFile; fileRef = F0ADE21B1B55FEC8005E84FA /* DetailController.swift */; };
		F0B6FABC1B81F3D000EE2439 /* GalleryViewCell.swift in Sources */ = {isa = PBXBuildFile; fileRef = F0B6FABB1B81F3D000EE2439 /* GalleryViewCell.swift */; };
		F0BDA8E51B9EFE6700176531 /* ForumTopicData.swift in Sources */ = {isa = PBXBuildFile; fileRef = F0BDA8E41B9EFE6700176531 /* ForumTopicData.swift */; };
		F0C3C2511B5FA59500AB6E35 /* HomeController.swift in Sources */ = {isa = PBXBuildFile; fileRef = F0C3C2501B5FA59500AB6E35 /* HomeController.swift */; };
		F0C3C26D1B60923F00AB6E35 /* Alamofire.framework in Embed Frameworks */ = {isa = PBXBuildFile; fileRef = F0C3C25C1B5FAA0C00AB6E35 /* Alamofire.framework */; settings = {ATTRIBUTES = (CodeSignOnCopy, RemoveHeadersOnCopy, ); }; };
		F0C3C2A01B60EA9C00AB6E35 /* HomeCell.swift in Sources */ = {isa = PBXBuildFile; fileRef = F0C3C29F1B60EA9C00AB6E35 /* HomeCell.swift */; };
		F0C5F6B71B53D1E000B2C20D /* AppDelegate.swift in Sources */ = {isa = PBXBuildFile; fileRef = F0C5F6B61B53D1E000B2C20D /* AppDelegate.swift */; };
		F0C5F6B91B53D1E000B2C20D /* ViewController.swift in Sources */ = {isa = PBXBuildFile; fileRef = F0C5F6B81B53D1E000B2C20D /* ViewController.swift */; };
		F0C5F6BC1B53D1E000B2C20D /* Main.storyboard in Resources */ = {isa = PBXBuildFile; fileRef = F0C5F6BA1B53D1E000B2C20D /* Main.storyboard */; };
		F0C5F6BE1B53D1E000B2C20D /* Images.xcassets in Resources */ = {isa = PBXBuildFile; fileRef = F0C5F6BD1B53D1E000B2C20D /* Images.xcassets */; };
		F0C5F6C11B53D1E000B2C20D /* LaunchScreen.xib in Resources */ = {isa = PBXBuildFile; fileRef = F0C5F6BF1B53D1E000B2C20D /* LaunchScreen.xib */; };
		F0C5F6CD1B53D1E000B2C20D /* DingshanSwiftTests.swift in Sources */ = {isa = PBXBuildFile; fileRef = F0C5F6CC1B53D1E000B2C20D /* DingshanSwiftTests.swift */; };
		F0D00E751B917AAB0056BE3E /* TabBarToggleBtn.swift in Sources */ = {isa = PBXBuildFile; fileRef = F0D00E741B917AAB0056BE3E /* TabBarToggleBtn.swift */; };
		F0D00E7F1B9182570056BE3E /* TabBarView.swift in Sources */ = {isa = PBXBuildFile; fileRef = F0D00E7E1B9182570056BE3E /* TabBarView.swift */; };
		F0D00E991B9191B60056BE3E /* MainTabBar.swift in Sources */ = {isa = PBXBuildFile; fileRef = F0D00E981B9191B60056BE3E /* MainTabBar.swift */; };
		F0D00EA51B91AF160056BE3E /* TopBarView.swift in Sources */ = {isa = PBXBuildFile; fileRef = F0D00EA41B91AF160056BE3E /* TopBarView.swift */; };
		F0E574F81B6784BE000053B8 /* LoadView.m in Sources */ = {isa = PBXBuildFile; fileRef = F0E574F21B6784BE000053B8 /* LoadView.m */; };
		F0E574F91B6784BE000053B8 /* RefreshIconView.m in Sources */ = {isa = PBXBuildFile; fileRef = F0E574F51B6784BE000053B8 /* RefreshIconView.m */; };
		F0E574FA1B6784BE000053B8 /* RefreshView.m in Sources */ = {isa = PBXBuildFile; fileRef = F0E574F71B6784BE000053B8 /* RefreshView.m */; };
/* End PBXBuildFile section */

/* Begin PBXContainerItemProxy section */
		F0C3C25B1B5FAA0C00AB6E35 /* PBXContainerItemProxy */ = {
			isa = PBXContainerItemProxy;
			containerPortal = F0C3C2541B5FAA0C00AB6E35 /* Alamofire.xcodeproj */;
			proxyType = 2;
			remoteGlobalIDString = F8111E3319A95C8B0040E7D1;
			remoteInfo = "Alamofire iOS";
		};
		F0C3C25D1B5FAA0C00AB6E35 /* PBXContainerItemProxy */ = {
			isa = PBXContainerItemProxy;
			containerPortal = F0C3C2541B5FAA0C00AB6E35 /* Alamofire.xcodeproj */;
			proxyType = 2;
			remoteGlobalIDString = 4DD67C0B1A5C55C900ED2280;
			remoteInfo = "Alamofire OSX";
		};
		F0C3C25F1B5FAA0C00AB6E35 /* PBXContainerItemProxy */ = {
			isa = PBXContainerItemProxy;
			containerPortal = F0C3C2541B5FAA0C00AB6E35 /* Alamofire.xcodeproj */;
			proxyType = 2;
			remoteGlobalIDString = F8111E3E19A95C8B0040E7D1;
			remoteInfo = "Alamofire iOS Tests";
		};
		F0C3C2611B5FAA0C00AB6E35 /* PBXContainerItemProxy */ = {
			isa = PBXContainerItemProxy;
			containerPortal = F0C3C2541B5FAA0C00AB6E35 /* Alamofire.xcodeproj */;
			proxyType = 2;
			remoteGlobalIDString = F829C6B21A7A94F100A2CD59;
			remoteInfo = "Alamofire OSX Tests";
		};
		F0C5F6C71B53D1E000B2C20D /* PBXContainerItemProxy */ = {
			isa = PBXContainerItemProxy;
			containerPortal = F0C5F6A91B53D1E000B2C20D /* Project object */;
			proxyType = 1;
			remoteGlobalIDString = F0C5F6B01B53D1E000B2C20D;
			remoteInfo = DingshanSwift;
		};
/* End PBXContainerItemProxy section */

/* Begin PBXCopyFilesBuildPhase section */
		F0C3C2701B60923F00AB6E35 /* Embed Frameworks */ = {
			isa = PBXCopyFilesBuildPhase;
			buildActionMask = 2147483647;
			dstPath = "";
			dstSubfolderSpec = 10;
			files = (
				F0C3C26D1B60923F00AB6E35 /* Alamofire.framework in Embed Frameworks */,
			);
			name = "Embed Frameworks";
			runOnlyForDeploymentPostprocessing = 0;
		};
/* End PBXCopyFilesBuildPhase section */

/* Begin PBXFileReference section */
		417BEF911B5A4E0F00F896A5 /* GeneralConfig.plist */ = {isa = PBXFileReference; fileEncoding = 4; lastKnownFileType = text.plist.xml; path = GeneralConfig.plist; sourceTree = "<group>"; };
		417BEF981B5A4F9300F896A5 /* ArrayDataSource.h */ = {isa = PBXFileReference; fileEncoding = 4; lastKnownFileType = sourcecode.c.h; path = ArrayDataSource.h; sourceTree = "<group>"; };
		417BEF991B5A4F9300F896A5 /* ArrayDataSource.m */ = {isa = PBXFileReference; fileEncoding = 4; lastKnownFileType = sourcecode.c.objc; path = ArrayDataSource.m; sourceTree = "<group>"; };
		417BEF9B1B5A535300F896A5 /* FileHelp.h */ = {isa = PBXFileReference; fileEncoding = 4; lastKnownFileType = sourcecode.c.h; path = FileHelp.h; sourceTree = "<group>"; };
		417BEF9C1B5A535300F896A5 /* FileHelp.m */ = {isa = PBXFileReference; fileEncoding = 4; lastKnownFileType = sourcecode.c.objc; path = FileHelp.m; sourceTree = "<group>"; };
		F00632221B9DA7D000C4D9C5 /* GalleryMenuSubView.swift */ = {isa = PBXFileReference; fileEncoding = 4; lastKnownFileType = sourcecode.swift; path = GalleryMenuSubView.swift; sourceTree = "<group>"; };
		F028C16F1B9C417A00B8CECA /* GalleryDetailController.swift */ = {isa = PBXFileReference; fileEncoding = 4; lastKnownFileType = sourcecode.swift; path = GalleryDetailController.swift; sourceTree = "<group>"; };
		F028C1751B9C435B00B8CECA /* GalleryMenuView.swift */ = {isa = PBXFileReference; fileEncoding = 4; lastKnownFileType = sourcecode.swift; path = GalleryMenuView.swift; sourceTree = "<group>"; };
		F028C1771B9C43CA00B8CECA /* GalleryMenuButton.swift */ = {isa = PBXFileReference; fileEncoding = 4; lastKnownFileType = sourcecode.swift; path = GalleryMenuButton.swift; sourceTree = "<group>"; };
		F028C1791B9C479300B8CECA /* GalleryMenuItem.swift */ = {isa = PBXFileReference; fileEncoding = 4; lastKnownFileType = sourcecode.swift; path = GalleryMenuItem.swift; sourceTree = "<group>"; };
		F0507E5C1B67561A007E9024 /* KnowledgeDetailController.swift */ = {isa = PBXFileReference; fileEncoding = 4; lastKnownFileType = sourcecode.swift; path = KnowledgeDetailController.swift; sourceTree = "<group>"; };
		F0507E641B675666007E9024 /* ForumFloorListController.swift */ = {isa = PBXFileReference; fileEncoding = 4; lastKnownFileType = sourcecode.swift; path = ForumFloorListController.swift; sourceTree = "<group>"; };
		F0507E681B6756D3007E9024 /* KnowledgeListCell.swift */ = {isa = PBXFileReference; fileEncoding = 4; lastKnownFileType = sourcecode.swift; path = KnowledgeListCell.swift; sourceTree = "<group>"; };
		F05455541B7F9588004282F4 /* CHTCollectionViewWaterfallLayout.h */ = {isa = PBXFileReference; fileEncoding = 4; lastKnownFileType = sourcecode.c.h; path = CHTCollectionViewWaterfallLayout.h; sourceTree = "<group>"; };
		F05455551B7F9588004282F4 /* CHTCollectionViewWaterfallLayout.m */ = {isa = PBXFileReference; fileEncoding = 4; lastKnownFileType = sourcecode.c.objc; path = CHTCollectionViewWaterfallLayout.m; sourceTree = "<group>"; };
		F08749B21B54B590006E1FD3 /* Bridging-Header.h */ = {isa = PBXFileReference; lastKnownFileType = sourcecode.c.h; path = "Bridging-Header.h"; sourceTree = "<group>"; };
		F08749B31B54B905006E1FD3 /* MainViewController.swift */ = {isa = PBXFileReference; fileEncoding = 4; lastKnownFileType = sourcecode.swift; path = MainViewController.swift; sourceTree = "<group>"; };
		F08749BB1B54E872006E1FD3 /* GalleryViewController.swift */ = {isa = PBXFileReference; fileEncoding = 4; lastKnownFileType = sourcecode.swift; path = GalleryViewController.swift; sourceTree = "<group>"; };
		F08749BD1B54E89E006E1FD3 /* ProfileViewController.swift */ = {isa = PBXFileReference; fileEncoding = 4; lastKnownFileType = sourcecode.swift; path = ProfileViewController.swift; sourceTree = "<group>"; };
		F092E2931B6A357B003D2D30 /* ForumFloorCell.swift */ = {isa = PBXFileReference; fileEncoding = 4; lastKnownFileType = sourcecode.swift; path = ForumFloorCell.swift; sourceTree = "<group>"; };
		F09AB50A1B74A0BF00050A5C /* HomeGridViewController.swift */ = {isa = PBXFileReference; fileEncoding = 4; lastKnownFileType = sourcecode.swift; path = HomeGridViewController.swift; sourceTree = "<group>"; };
		F09AB5101B74A0E400050A5C /* HomeGridCell.swift */ = {isa = PBXFileReference; fileEncoding = 4; lastKnownFileType = sourcecode.swift; path = HomeGridCell.swift; sourceTree = "<group>"; };
		F09ADD771B563452009B3A6D /* PhoneMainTabBarButton.h */ = {isa = PBXFileReference; fileEncoding = 4; lastKnownFileType = sourcecode.c.h; path = PhoneMainTabBarButton.h; sourceTree = "<group>"; };
		F09ADD781B563452009B3A6D /* PhoneMainTabBarButton.m */ = {isa = PBXFileReference; fileEncoding = 4; lastKnownFileType = sourcecode.c.objc; path = PhoneMainTabBarButton.m; sourceTree = "<group>"; };
		F09ADDA01B5640DD009B3A6D /* CommonDefine.swift */ = {isa = PBXFileReference; fileEncoding = 4; lastKnownFileType = sourcecode.swift; path = CommonDefine.swift; sourceTree = "<group>"; };
		F09C7AA61B7CA60900648615 /* DSViewController.swift */ = {isa = PBXFileReference; fileEncoding = 4; lastKnownFileType = sourcecode.swift; path = DSViewController.swift; sourceTree = "<group>"; };
		F09C7AAC1B7CAEDC00648615 /* KASegmentButton.h */ = {isa = PBXFileReference; fileEncoding = 4; lastKnownFileType = sourcecode.c.h; path = KASegmentButton.h; sourceTree = "<group>"; };
		F09C7AAD1B7CAEDC00648615 /* KASegmentButton.m */ = {isa = PBXFileReference; fileEncoding = 4; lastKnownFileType = sourcecode.c.objc; path = KASegmentButton.m; sourceTree = "<group>"; };
		F09C7AAE1B7CAEDC00648615 /* KASegmentControl.h */ = {isa = PBXFileReference; fileEncoding = 4; lastKnownFileType = sourcecode.c.h; path = KASegmentControl.h; sourceTree = "<group>"; };
		F09C7AAF1B7CAEDC00648615 /* KASegmentControl.m */ = {isa = PBXFileReference; fileEncoding = 4; lastKnownFileType = sourcecode.c.objc; path = KASegmentControl.m; sourceTree = "<group>"; };
		F0A1C3A21B5CCCDA001597CF /* MainConfig.swift */ = {isa = PBXFileReference; fileEncoding = 4; lastKnownFileType = sourcecode.swift; path = MainConfig.swift; sourceTree = "<group>"; };
		F0A1C3AA1B5CE296001597CF /* HomeTableCell.swift */ = {isa = PBXFileReference; fileEncoding = 4; lastKnownFileType = sourcecode.swift; path = HomeTableCell.swift; sourceTree = "<group>"; };
		F0A20AC51B6246EA00F1F311 /* ApiBuilder.h */ = {isa = PBXFileReference; fileEncoding = 4; lastKnownFileType = sourcecode.c.h; path = ApiBuilder.h; sourceTree = "<group>"; };
		F0A20AC61B6246EA00F1F311 /* ApiBuilder.m */ = {isa = PBXFileReference; fileEncoding = 4; lastKnownFileType = sourcecode.c.objc; path = ApiBuilder.m; sourceTree = "<group>"; };
		F0A20AD11B62499E00F1F311 /* CommonUtility.h */ = {isa = PBXFileReference; fileEncoding = 4; lastKnownFileType = sourcecode.c.h; path = CommonUtility.h; sourceTree = "<group>"; };
		F0A20AD21B62499E00F1F311 /* CommonUtility.m */ = {isa = PBXFileReference; fileEncoding = 4; lastKnownFileType = sourcecode.c.objc; path = CommonUtility.m; sourceTree = "<group>"; };
		F0A20AD41B624A9500F1F311 /* CocoaSecurity.h */ = {isa = PBXFileReference; fileEncoding = 4; lastKnownFileType = sourcecode.c.h; path = CocoaSecurity.h; sourceTree = "<group>"; };
		F0A20AD51B624A9500F1F311 /* CocoaSecurity.m */ = {isa = PBXFileReference; fileEncoding = 4; lastKnownFileType = sourcecode.c.objc; path = CocoaSecurity.m; sourceTree = "<group>"; };
		F0A20AD71B62548800F1F311 /* KnowledgeListController.swift */ = {isa = PBXFileReference; fileEncoding = 4; lastKnownFileType = sourcecode.swift; path = KnowledgeListController.swift; sourceTree = "<group>"; };
		F0A5E1391BA045FA00BDA6BA /* ForumNewThreadController.swift */ = {isa = PBXFileReference; fileEncoding = 4; lastKnownFileType = sourcecode.swift; path = ForumNewThreadController.swift; sourceTree = "<group>"; };
		F0A5E13F1BA04B3800BDA6BA /* ForumFloorData.swift */ = {isa = PBXFileReference; fileEncoding = 4; lastKnownFileType = sourcecode.swift; path = ForumFloorData.swift; sourceTree = "<group>"; };
		F0A5E1411BA04B4800BDA6BA /* ForumReplyData.swift */ = {isa = PBXFileReference; fileEncoding = 4; lastKnownFileType = sourcecode.swift; path = ForumReplyData.swift; sourceTree = "<group>"; };
		F0A5E1431BA04C5000BDA6BA /* UserInfoData.swift */ = {isa = PBXFileReference; fileEncoding = 4; lastKnownFileType = sourcecode.swift; path = UserInfoData.swift; sourceTree = "<group>"; };
		F0A5E1451BA0534400BDA6BA /* ForumReplyListController.swift */ = {isa = PBXFileReference; fileEncoding = 4; lastKnownFileType = sourcecode.swift; path = ForumReplyListController.swift; sourceTree = "<group>"; };
		F0A5E1471BA0536000BDA6BA /* ForumReplyCell.swift */ = {isa = PBXFileReference; fileEncoding = 4; lastKnownFileType = sourcecode.swift; path = ForumReplyCell.swift; sourceTree = "<group>"; };
		F0AA4F891B93ECE7007EDEA9 /* tabbar_forum0@2x~iphone.png */ = {isa = PBXFileReference; lastKnownFileType = image.png; name = "tabbar_forum0@2x~iphone.png"; path = "tabbar/tabbar_forum0@2x~iphone.png"; sourceTree = "<group>"; };
		F0AA4F8A1B93ECE7007EDEA9 /* tabbar_forum0@3x~iphone.png */ = {isa = PBXFileReference; lastKnownFileType = image.png; name = "tabbar_forum0@3x~iphone.png"; path = "tabbar/tabbar_forum0@3x~iphone.png"; sourceTree = "<group>"; };
		F0AA4F8B1B93ECE7007EDEA9 /* tabbar_forum1@2x~iphone.png */ = {isa = PBXFileReference; lastKnownFileType = image.png; name = "tabbar_forum1@2x~iphone.png"; path = "tabbar/tabbar_forum1@2x~iphone.png"; sourceTree = "<group>"; };
		F0AA4F8C1B93ECE7007EDEA9 /* tabbar_forum1@3x~iphone.png */ = {isa = PBXFileReference; lastKnownFileType = image.png; name = "tabbar_forum1@3x~iphone.png"; path = "tabbar/tabbar_forum1@3x~iphone.png"; sourceTree = "<group>"; };
		F0AA4F8D1B93ECE7007EDEA9 /* tabbar_gallery0@2x~iphone.png */ = {isa = PBXFileReference; lastKnownFileType = image.png; name = "tabbar_gallery0@2x~iphone.png"; path = "tabbar/tabbar_gallery0@2x~iphone.png"; sourceTree = "<group>"; };
		F0AA4F8E1B93ECE7007EDEA9 /* tabbar_gallery0@3x~iphone.png */ = {isa = PBXFileReference; lastKnownFileType = image.png; name = "tabbar_gallery0@3x~iphone.png"; path = "tabbar/tabbar_gallery0@3x~iphone.png"; sourceTree = "<group>"; };
		F0AA4F8F1B93ECE7007EDEA9 /* tabbar_gallery1@2x~iphone.png */ = {isa = PBXFileReference; lastKnownFileType = image.png; name = "tabbar_gallery1@2x~iphone.png"; path = "tabbar/tabbar_gallery1@2x~iphone.png"; sourceTree = "<group>"; };
		F0AA4F901B93ECE7007EDEA9 /* tabbar_gallery1@3x~iphone.png */ = {isa = PBXFileReference; lastKnownFileType = image.png; name = "tabbar_gallery1@3x~iphone.png"; path = "tabbar/tabbar_gallery1@3x~iphone.png"; sourceTree = "<group>"; };
		F0AA4F911B93ECE7007EDEA9 /* tabbar_profile0@2x~iphone.png */ = {isa = PBXFileReference; lastKnownFileType = image.png; name = "tabbar_profile0@2x~iphone.png"; path = "tabbar/tabbar_profile0@2x~iphone.png"; sourceTree = "<group>"; };
		F0AA4F921B93ECE7007EDEA9 /* tabbar_profile0@3x~iphone.png */ = {isa = PBXFileReference; lastKnownFileType = image.png; name = "tabbar_profile0@3x~iphone.png"; path = "tabbar/tabbar_profile0@3x~iphone.png"; sourceTree = "<group>"; };
		F0AA4F931B93ECE7007EDEA9 /* tabbar_profile1@2x~iphone.png */ = {isa = PBXFileReference; lastKnownFileType = image.png; name = "tabbar_profile1@2x~iphone.png"; path = "tabbar/tabbar_profile1@2x~iphone.png"; sourceTree = "<group>"; };
		F0AA4F941B93ECE7007EDEA9 /* tabbar_profile1@3x~iphone.png */ = {isa = PBXFileReference; lastKnownFileType = image.png; name = "tabbar_profile1@3x~iphone.png"; path = "tabbar/tabbar_profile1@3x~iphone.png"; sourceTree = "<group>"; };
		F0AA4FA71B93ED37007EDEA9 /* back_btn@2x~iphone.png */ = {isa = PBXFileReference; lastKnownFileType = image.png; name = "back_btn@2x~iphone.png"; path = "common/back_btn@2x~iphone.png"; sourceTree = "<group>"; };
		F0AA4FA81B93ED37007EDEA9 /* back_btn@3x~iphone.png */ = {isa = PBXFileReference; lastKnownFileType = image.png; name = "back_btn@3x~iphone.png"; path = "common/back_btn@3x~iphone.png"; sourceTree = "<group>"; };
		F0AA4FA91B93ED37007EDEA9 /* home_ad.jpg */ = {isa = PBXFileReference; lastKnownFileType = image.jpeg; name = home_ad.jpg; path = common/home_ad.jpg; sourceTree = "<group>"; };
		F0ADE21B1B55FEC8005E84FA /* DetailController.swift */ = {isa = PBXFileReference; fileEncoding = 4; lastKnownFileType = sourcecode.swift; path = DetailController.swift; sourceTree = "<group>"; };
		F0B6FABB1B81F3D000EE2439 /* GalleryViewCell.swift */ = {isa = PBXFileReference; fileEncoding = 4; lastKnownFileType = sourcecode.swift; path = GalleryViewCell.swift; sourceTree = "<group>"; };
		F0BDA8E41B9EFE6700176531 /* ForumTopicData.swift */ = {isa = PBXFileReference; fileEncoding = 4; lastKnownFileType = sourcecode.swift; path = ForumTopicData.swift; sourceTree = "<group>"; };
		F0C3C2501B5FA59500AB6E35 /* HomeController.swift */ = {isa = PBXFileReference; fileEncoding = 4; lastKnownFileType = sourcecode.swift; path = HomeController.swift; sourceTree = "<group>"; };
		F0C3C2541B5FAA0C00AB6E35 /* Alamofire.xcodeproj */ = {isa = PBXFileReference; lastKnownFileType = "wrapper.pb-project"; name = Alamofire.xcodeproj; path = Alamofire/Alamofire.xcodeproj; sourceTree = "<group>"; };
		F0C3C29F1B60EA9C00AB6E35 /* HomeCell.swift */ = {isa = PBXFileReference; fileEncoding = 4; lastKnownFileType = sourcecode.swift; path = HomeCell.swift; sourceTree = "<group>"; };
		F0C5F6B11B53D1E000B2C20D /* DingshanSwift.app */ = {isa = PBXFileReference; explicitFileType = wrapper.application; includeInIndex = 0; path = DingshanSwift.app; sourceTree = BUILT_PRODUCTS_DIR; };
		F0C5F6B51B53D1E000B2C20D /* Info.plist */ = {isa = PBXFileReference; lastKnownFileType = text.plist.xml; path = Info.plist; sourceTree = "<group>"; };
		F0C5F6B61B53D1E000B2C20D /* AppDelegate.swift */ = {isa = PBXFileReference; lastKnownFileType = sourcecode.swift; path = AppDelegate.swift; sourceTree = "<group>"; };
		F0C5F6B81B53D1E000B2C20D /* ViewController.swift */ = {isa = PBXFileReference; lastKnownFileType = sourcecode.swift; path = ViewController.swift; sourceTree = "<group>"; };
		F0C5F6BB1B53D1E000B2C20D /* Base */ = {isa = PBXFileReference; lastKnownFileType = file.storyboard; name = Base; path = Base.lproj/Main.storyboard; sourceTree = "<group>"; };
		F0C5F6BD1B53D1E000B2C20D /* Images.xcassets */ = {isa = PBXFileReference; lastKnownFileType = folder.assetcatalog; path = Images.xcassets; sourceTree = "<group>"; };
		F0C5F6C01B53D1E000B2C20D /* Base */ = {isa = PBXFileReference; lastKnownFileType = file.xib; name = Base; path = Base.lproj/LaunchScreen.xib; sourceTree = "<group>"; };
		F0C5F6C61B53D1E000B2C20D /* DingshanSwiftTests.xctest */ = {isa = PBXFileReference; explicitFileType = wrapper.cfbundle; includeInIndex = 0; path = DingshanSwiftTests.xctest; sourceTree = BUILT_PRODUCTS_DIR; };
		F0C5F6CB1B53D1E000B2C20D /* Info.plist */ = {isa = PBXFileReference; lastKnownFileType = text.plist.xml; path = Info.plist; sourceTree = "<group>"; };
		F0C5F6CC1B53D1E000B2C20D /* DingshanSwiftTests.swift */ = {isa = PBXFileReference; lastKnownFileType = sourcecode.swift; path = DingshanSwiftTests.swift; sourceTree = "<group>"; };
		F0D00E741B917AAB0056BE3E /* TabBarToggleBtn.swift */ = {isa = PBXFileReference; fileEncoding = 4; lastKnownFileType = sourcecode.swift; path = TabBarToggleBtn.swift; sourceTree = "<group>"; };
		F0D00E7E1B9182570056BE3E /* TabBarView.swift */ = {isa = PBXFileReference; fileEncoding = 4; lastKnownFileType = sourcecode.swift; path = TabBarView.swift; sourceTree = "<group>"; };
		F0D00E981B9191B60056BE3E /* MainTabBar.swift */ = {isa = PBXFileReference; fileEncoding = 4; lastKnownFileType = sourcecode.swift; path = MainTabBar.swift; sourceTree = "<group>"; };
		F0D00EA41B91AF160056BE3E /* TopBarView.swift */ = {isa = PBXFileReference; fileEncoding = 4; lastKnownFileType = sourcecode.swift; path = TopBarView.swift; sourceTree = "<group>"; };
		F0E574F11B6784BE000053B8 /* LoadView.h */ = {isa = PBXFileReference; fileEncoding = 4; lastKnownFileType = sourcecode.c.h; path = LoadView.h; sourceTree = "<group>"; };
		F0E574F21B6784BE000053B8 /* LoadView.m */ = {isa = PBXFileReference; fileEncoding = 4; lastKnownFileType = sourcecode.c.objc; path = LoadView.m; sourceTree = "<group>"; };
		F0E574F31B6784BE000053B8 /* LoadViewProtocol.h */ = {isa = PBXFileReference; fileEncoding = 4; lastKnownFileType = sourcecode.c.h; path = LoadViewProtocol.h; sourceTree = "<group>"; };
		F0E574F41B6784BE000053B8 /* RefreshIconView.h */ = {isa = PBXFileReference; fileEncoding = 4; lastKnownFileType = sourcecode.c.h; path = RefreshIconView.h; sourceTree = "<group>"; };
		F0E574F51B6784BE000053B8 /* RefreshIconView.m */ = {isa = PBXFileReference; fileEncoding = 4; lastKnownFileType = sourcecode.c.objc; path = RefreshIconView.m; sourceTree = "<group>"; };
		F0E574F61B6784BE000053B8 /* RefreshView.h */ = {isa = PBXFileReference; fileEncoding = 4; lastKnownFileType = sourcecode.c.h; path = RefreshView.h; sourceTree = "<group>"; };
		F0E574F71B6784BE000053B8 /* RefreshView.m */ = {isa = PBXFileReference; fileEncoding = 4; lastKnownFileType = sourcecode.c.objc; path = RefreshView.m; sourceTree = "<group>"; };
		F0E574FF1B678E02000053B8 /* LoadSuit.h */ = {isa = PBXFileReference; lastKnownFileType = sourcecode.c.h; path = LoadSuit.h; sourceTree = "<group>"; };
/* End PBXFileReference section */

/* Begin PBXFrameworksBuildPhase section */
		F0C5F6AE1B53D1E000B2C20D /* Frameworks */ = {
			isa = PBXFrameworksBuildPhase;
			buildActionMask = 2147483647;
			files = (
			);
			runOnlyForDeploymentPostprocessing = 0;
		};
		F0C5F6C31B53D1E000B2C20D /* Frameworks */ = {
			isa = PBXFrameworksBuildPhase;
			buildActionMask = 2147483647;
			files = (
			);
			runOnlyForDeploymentPostprocessing = 0;
		};
/* End PBXFrameworksBuildPhase section */

/* Begin PBXGroup section */
		F09AB5251B74B6C400050A5C /* unused */ = {
			isa = PBXGroup;
			children = (
				F09AB50A1B74A0BF00050A5C /* HomeGridViewController.swift */,
				F09AB5101B74A0E400050A5C /* HomeGridCell.swift */,
				F0D00E981B9191B60056BE3E /* MainTabBar.swift */,
				F0A1C3AA1B5CE296001597CF /* HomeTableCell.swift */,
			);
			name = unused;
			sourceTree = "<group>";
		};
		F09ADD761B563452009B3A6D /* CommonFiles */ = {
			isa = PBXGroup;
			children = (
				F05455541B7F9588004282F4 /* CHTCollectionViewWaterfallLayout.h */,
				F05455551B7F9588004282F4 /* CHTCollectionViewWaterfallLayout.m */,
				F09C7AAC1B7CAEDC00648615 /* KASegmentButton.h */,
				F09C7AAD1B7CAEDC00648615 /* KASegmentButton.m */,
				F09C7AAE1B7CAEDC00648615 /* KASegmentControl.h */,
				F09C7AAF1B7CAEDC00648615 /* KASegmentControl.m */,
				F0E574F01B6784BE000053B8 /* Loading */,
				F0A20AD41B624A9500F1F311 /* CocoaSecurity.h */,
				F0A20AD51B624A9500F1F311 /* CocoaSecurity.m */,
				F0A20AD11B62499E00F1F311 /* CommonUtility.h */,
				F0A20AD21B62499E00F1F311 /* CommonUtility.m */,
				F0A20AC51B6246EA00F1F311 /* ApiBuilder.h */,
				F0A20AC61B6246EA00F1F311 /* ApiBuilder.m */,
				417BEF9B1B5A535300F896A5 /* FileHelp.h */,
				417BEF9C1B5A535300F896A5 /* FileHelp.m */,
				417BEF981B5A4F9300F896A5 /* ArrayDataSource.h */,
				417BEF991B5A4F9300F896A5 /* ArrayDataSource.m */,
				F09ADD771B563452009B3A6D /* PhoneMainTabBarButton.h */,
				F09ADD781B563452009B3A6D /* PhoneMainTabBarButton.m */,
			);
			path = CommonFiles;
			sourceTree = "<group>";
		};
		F09ADD7B1B563974009B3A6D /* Resources */ = {
			isa = PBXGroup;
			children = (
				F0AA4FA61B93ED28007EDEA9 /* common */,
				F0AA4FA51B93ED1C007EDEA9 /* tabbar */,
			);
			path = Resources;
			sourceTree = "<group>";
		};
		F0AA4FA51B93ED1C007EDEA9 /* tabbar */ = {
			isa = PBXGroup;
			children = (
				F0AA4F891B93ECE7007EDEA9 /* tabbar_forum0@2x~iphone.png */,
				F0AA4F8A1B93ECE7007EDEA9 /* tabbar_forum0@3x~iphone.png */,
				F0AA4F8B1B93ECE7007EDEA9 /* tabbar_forum1@2x~iphone.png */,
				F0AA4F8C1B93ECE7007EDEA9 /* tabbar_forum1@3x~iphone.png */,
				F0AA4F8D1B93ECE7007EDEA9 /* tabbar_gallery0@2x~iphone.png */,
				F0AA4F8E1B93ECE7007EDEA9 /* tabbar_gallery0@3x~iphone.png */,
				F0AA4F8F1B93ECE7007EDEA9 /* tabbar_gallery1@2x~iphone.png */,
				F0AA4F901B93ECE7007EDEA9 /* tabbar_gallery1@3x~iphone.png */,
				F0AA4F911B93ECE7007EDEA9 /* tabbar_profile0@2x~iphone.png */,
				F0AA4F921B93ECE7007EDEA9 /* tabbar_profile0@3x~iphone.png */,
				F0AA4F931B93ECE7007EDEA9 /* tabbar_profile1@2x~iphone.png */,
				F0AA4F941B93ECE7007EDEA9 /* tabbar_profile1@3x~iphone.png */,
			);
			name = tabbar;
			sourceTree = "<group>";
		};
		F0AA4FA61B93ED28007EDEA9 /* common */ = {
			isa = PBXGroup;
			children = (
				F0AA4FA71B93ED37007EDEA9 /* back_btn@2x~iphone.png */,
				F0AA4FA81B93ED37007EDEA9 /* back_btn@3x~iphone.png */,
				F0AA4FA91B93ED37007EDEA9 /* home_ad.jpg */,
			);
			name = common;
			sourceTree = "<group>";
		};
		F0BDA8E31B9EFE4700176531 /* Model */ = {
			isa = PBXGroup;
			children = (
				F0A5E1431BA04C5000BDA6BA /* UserInfoData.swift */,
				F0BDA8E41B9EFE6700176531 /* ForumTopicData.swift */,
				F0A5E13F1BA04B3800BDA6BA /* ForumFloorData.swift */,
				F0A5E1411BA04B4800BDA6BA /* ForumReplyData.swift */,
			);
			name = Model;
			sourceTree = "<group>";
		};
		F0C3C2551B5FAA0C00AB6E35 /* Products */ = {
			isa = PBXGroup;
			children = (
				F0C3C25C1B5FAA0C00AB6E35 /* Alamofire.framework */,
				F0C3C25E1B5FAA0C00AB6E35 /* Alamofire.framework */,
				F0C3C2601B5FAA0C00AB6E35 /* Alamofire iOS Tests.xctest */,
				F0C3C2621B5FAA0C00AB6E35 /* Alamofire OSX Tests.xctest */,
			);
			name = Products;
			sourceTree = "<group>";
		};
		F0C5F6A81B53D1E000B2C20D = {
			isa = PBXGroup;
			children = (
				F0C3C2541B5FAA0C00AB6E35 /* Alamofire.xcodeproj */,
				F0C5F6B31B53D1E000B2C20D /* DingshanSwift */,
				F09ADD761B563452009B3A6D /* CommonFiles */,
				F09ADD7B1B563974009B3A6D /* Resources */,
				F0C5F6C91B53D1E000B2C20D /* DingshanSwiftTests */,
				F0C5F6B21B53D1E000B2C20D /* Products */,
			);
			sourceTree = "<group>";
		};
		F0C5F6B21B53D1E000B2C20D /* Products */ = {
			isa = PBXGroup;
			children = (
				F0C5F6B11B53D1E000B2C20D /* DingshanSwift.app */,
				F0C5F6C61B53D1E000B2C20D /* DingshanSwiftTests.xctest */,
			);
			name = Products;
			sourceTree = "<group>";
		};
		F0C5F6B31B53D1E000B2C20D /* DingshanSwift */ = {
			isa = PBXGroup;
			children = (
				F08749B21B54B590006E1FD3 /* Bridging-Header.h */,
				F0C5F6B61B53D1E000B2C20D /* AppDelegate.swift */,
				F0C5F6B81B53D1E000B2C20D /* ViewController.swift */,
				F0C5F6BA1B53D1E000B2C20D /* Main.storyboard */,
				F0C5F6BD1B53D1E000B2C20D /* Images.xcassets */,
				F0C5F6BF1B53D1E000B2C20D /* LaunchScreen.xib */,
				F09ADDA01B5640DD009B3A6D /* CommonDefine.swift */,
				F0C5F6B41B53D1E000B2C20D /* Supporting Files */,
				F09AB5251B74B6C400050A5C /* unused */,
				F0D00E7A1B917AC00056BE3E /* General */,
				F0D00E7B1B917B010056BE3E /* Home */,
				F0D00E7C1B917B180056BE3E /* Gallery */,
				F0D00E7D1B917B540056BE3E /* Profile */,
				F0BDA8E31B9EFE4700176531 /* Model */,
			);
			path = DingshanSwift;
			sourceTree = "<group>";
		};
		F0C5F6B41B53D1E000B2C20D /* Supporting Files */ = {
			isa = PBXGroup;
			children = (
				F0C5F6B51B53D1E000B2C20D /* Info.plist */,
				417BEF911B5A4E0F00F896A5 /* GeneralConfig.plist */,
			);
			name = "Supporting Files";
			sourceTree = "<group>";
		};
		F0C5F6C91B53D1E000B2C20D /* DingshanSwiftTests */ = {
			isa = PBXGroup;
			children = (
				F0C5F6CC1B53D1E000B2C20D /* DingshanSwiftTests.swift */,
				F0C5F6CA1B53D1E000B2C20D /* Supporting Files */,
			);
			path = DingshanSwiftTests;
			sourceTree = "<group>";
		};
		F0C5F6CA1B53D1E000B2C20D /* Supporting Files */ = {
			isa = PBXGroup;
			children = (
				F0C5F6CB1B53D1E000B2C20D /* Info.plist */,
			);
			name = "Supporting Files";
			sourceTree = "<group>";
		};
		F0D00E7A1B917AC00056BE3E /* General */ = {
			isa = PBXGroup;
			children = (
				F0A1C3A21B5CCCDA001597CF /* MainConfig.swift */,
				F09C7AA61B7CA60900648615 /* DSViewController.swift */,
				F08749B31B54B905006E1FD3 /* MainViewController.swift */,
				F0D00EA41B91AF160056BE3E /* TopBarView.swift */,
				F0D00E7E1B9182570056BE3E /* TabBarView.swift */,
				F0D00E741B917AAB0056BE3E /* TabBarToggleBtn.swift */,
				F0ADE21B1B55FEC8005E84FA /* DetailController.swift */,
			);
			name = General;
			sourceTree = "<group>";
		};
		F0D00E7B1B917B010056BE3E /* Home */ = {
			isa = PBXGroup;
			children = (
				F0C3C2501B5FA59500AB6E35 /* HomeController.swift */,
				F0C3C29F1B60EA9C00AB6E35 /* HomeCell.swift */,
				F0507E641B675666007E9024 /* ForumFloorListController.swift */,
				F092E2931B6A357B003D2D30 /* ForumFloorCell.swift */,
				F0A5E1451BA0534400BDA6BA /* ForumReplyListController.swift */,
				F0A5E1471BA0536000BDA6BA /* ForumReplyCell.swift */,
				F0A5E1391BA045FA00BDA6BA /* ForumNewThreadController.swift */,
				F0A20AD71B62548800F1F311 /* KnowledgeListController.swift */,
				F0507E5C1B67561A007E9024 /* KnowledgeDetailController.swift */,
				F0507E681B6756D3007E9024 /* KnowledgeListCell.swift */,
			);
			name = Home;
			sourceTree = "<group>";
		};
		F0D00E7C1B917B180056BE3E /* Gallery */ = {
			isa = PBXGroup;
			children = (
				F028C1751B9C435B00B8CECA /* GalleryMenuView.swift */,
				F028C1771B9C43CA00B8CECA /* GalleryMenuButton.swift */,
				F00632221B9DA7D000C4D9C5 /* GalleryMenuSubView.swift */,
				F028C1791B9C479300B8CECA /* GalleryMenuItem.swift */,
				F08749BB1B54E872006E1FD3 /* GalleryViewController.swift */,
				F0B6FABB1B81F3D000EE2439 /* GalleryViewCell.swift */,
				F028C16F1B9C417A00B8CECA /* GalleryDetailController.swift */,
			);
			name = Gallery;
			sourceTree = "<group>";
		};
		F0D00E7D1B917B540056BE3E /* Profile */ = {
			isa = PBXGroup;
			children = (
				F08749BD1B54E89E006E1FD3 /* ProfileViewController.swift */,
			);
			name = Profile;
			sourceTree = "<group>";
		};
		F0E574F01B6784BE000053B8 /* Loading */ = {
			isa = PBXGroup;
			children = (
				F0E574FF1B678E02000053B8 /* LoadSuit.h */,
				F0E574F31B6784BE000053B8 /* LoadViewProtocol.h */,
				F0E574F61B6784BE000053B8 /* RefreshView.h */,
				F0E574F71B6784BE000053B8 /* RefreshView.m */,
				F0E574F11B6784BE000053B8 /* LoadView.h */,
				F0E574F21B6784BE000053B8 /* LoadView.m */,
				F0E574F41B6784BE000053B8 /* RefreshIconView.h */,
				F0E574F51B6784BE000053B8 /* RefreshIconView.m */,
			);
			path = Loading;
			sourceTree = "<group>";
		};
/* End PBXGroup section */

/* Begin PBXNativeTarget section */
		F0C5F6B01B53D1E000B2C20D /* DingshanSwift */ = {
			isa = PBXNativeTarget;
			buildConfigurationList = F0C5F6D01B53D1E000B2C20D /* Build configuration list for PBXNativeTarget "DingshanSwift" */;
			buildPhases = (
				F0C5F6AD1B53D1E000B2C20D /* Sources */,
				F0C5F6AE1B53D1E000B2C20D /* Frameworks */,
				F0C5F6AF1B53D1E000B2C20D /* Resources */,
				F0C3C2701B60923F00AB6E35 /* Embed Frameworks */,
			);
			buildRules = (
			);
			dependencies = (
			);
			name = DingshanSwift;
			productName = DingshanSwift;
			productReference = F0C5F6B11B53D1E000B2C20D /* DingshanSwift.app */;
			productType = "com.apple.product-type.application";
		};
		F0C5F6C51B53D1E000B2C20D /* DingshanSwiftTests */ = {
			isa = PBXNativeTarget;
			buildConfigurationList = F0C5F6D31B53D1E000B2C20D /* Build configuration list for PBXNativeTarget "DingshanSwiftTests" */;
			buildPhases = (
				F0C5F6C21B53D1E000B2C20D /* Sources */,
				F0C5F6C31B53D1E000B2C20D /* Frameworks */,
				F0C5F6C41B53D1E000B2C20D /* Resources */,
			);
			buildRules = (
			);
			dependencies = (
				F0C5F6C81B53D1E000B2C20D /* PBXTargetDependency */,
			);
			name = DingshanSwiftTests;
			productName = DingshanSwiftTests;
			productReference = F0C5F6C61B53D1E000B2C20D /* DingshanSwiftTests.xctest */;
			productType = "com.apple.product-type.bundle.unit-test";
		};
/* End PBXNativeTarget section */

/* Begin PBXProject section */
		F0C5F6A91B53D1E000B2C20D /* Project object */ = {
			isa = PBXProject;
			attributes = {
				LastUpgradeCheck = 0640;
				ORGANIZATIONNAME = "song jufeng";
				TargetAttributes = {
					F0C5F6B01B53D1E000B2C20D = {
						CreatedOnToolsVersion = 6.4;
						DevelopmentTeam = 4W38RFV97S;
					};
					F0C5F6C51B53D1E000B2C20D = {
						CreatedOnToolsVersion = 6.4;
						TestTargetID = F0C5F6B01B53D1E000B2C20D;
					};
				};
			};
			buildConfigurationList = F0C5F6AC1B53D1E000B2C20D /* Build configuration list for PBXProject "DingshanSwift" */;
			compatibilityVersion = "Xcode 3.2";
			developmentRegion = English;
			hasScannedForEncodings = 0;
			knownRegions = (
				en,
				Base,
			);
			mainGroup = F0C5F6A81B53D1E000B2C20D;
			productRefGroup = F0C5F6B21B53D1E000B2C20D /* Products */;
			projectDirPath = "";
			projectReferences = (
				{
					ProductGroup = F0C3C2551B5FAA0C00AB6E35 /* Products */;
					ProjectRef = F0C3C2541B5FAA0C00AB6E35 /* Alamofire.xcodeproj */;
				},
			);
			projectRoot = "";
			targets = (
				F0C5F6B01B53D1E000B2C20D /* DingshanSwift */,
				F0C5F6C51B53D1E000B2C20D /* DingshanSwiftTests */,
			);
		};
/* End PBXProject section */

/* Begin PBXReferenceProxy section */
		F0C3C25C1B5FAA0C00AB6E35 /* Alamofire.framework */ = {
			isa = PBXReferenceProxy;
			fileType = wrapper.framework;
			path = Alamofire.framework;
			remoteRef = F0C3C25B1B5FAA0C00AB6E35 /* PBXContainerItemProxy */;
			sourceTree = BUILT_PRODUCTS_DIR;
		};
		F0C3C25E1B5FAA0C00AB6E35 /* Alamofire.framework */ = {
			isa = PBXReferenceProxy;
			fileType = wrapper.framework;
			path = Alamofire.framework;
			remoteRef = F0C3C25D1B5FAA0C00AB6E35 /* PBXContainerItemProxy */;
			sourceTree = BUILT_PRODUCTS_DIR;
		};
		F0C3C2601B5FAA0C00AB6E35 /* Alamofire iOS Tests.xctest */ = {
			isa = PBXReferenceProxy;
			fileType = wrapper.cfbundle;
			path = "Alamofire iOS Tests.xctest";
			remoteRef = F0C3C25F1B5FAA0C00AB6E35 /* PBXContainerItemProxy */;
			sourceTree = BUILT_PRODUCTS_DIR;
		};
		F0C3C2621B5FAA0C00AB6E35 /* Alamofire OSX Tests.xctest */ = {
			isa = PBXReferenceProxy;
			fileType = wrapper.cfbundle;
			path = "Alamofire OSX Tests.xctest";
			remoteRef = F0C3C2611B5FAA0C00AB6E35 /* PBXContainerItemProxy */;
			sourceTree = BUILT_PRODUCTS_DIR;
		};
/* End PBXReferenceProxy section */

/* Begin PBXResourcesBuildPhase section */
		F0C5F6AF1B53D1E000B2C20D /* Resources */ = {
			isa = PBXResourcesBuildPhase;
			buildActionMask = 2147483647;
			files = (
				F0C5F6BC1B53D1E000B2C20D /* Main.storyboard in Resources */,
				F0AA4F9F1B93ECE7007EDEA9 /* tabbar_profile1@2x~iphone.png in Resources */,
				F0C5F6C11B53D1E000B2C20D /* LaunchScreen.xib in Resources */,
				F0AA4FAA1B93ED37007EDEA9 /* back_btn@2x~iphone.png in Resources */,
				F0AA4F971B93ECE7007EDEA9 /* tabbar_forum1@2x~iphone.png in Resources */,
				F0AA4F9C1B93ECE7007EDEA9 /* tabbar_gallery1@3x~iphone.png in Resources */,
				F0AA4F951B93ECE7007EDEA9 /* tabbar_forum0@2x~iphone.png in Resources */,
				F0AA4F991B93ECE7007EDEA9 /* tabbar_gallery0@2x~iphone.png in Resources */,
				F0AA4F9E1B93ECE7007EDEA9 /* tabbar_profile0@3x~iphone.png in Resources */,
				F0AA4FAB1B93ED37007EDEA9 /* back_btn@3x~iphone.png in Resources */,
				F0AA4F9B1B93ECE7007EDEA9 /* tabbar_gallery1@2x~iphone.png in Resources */,
				417BEF921B5A4E0F00F896A5 /* GeneralConfig.plist in Resources */,
				F0AA4F981B93ECE7007EDEA9 /* tabbar_forum1@3x~iphone.png in Resources */,
				F0AA4FAC1B93ED37007EDEA9 /* home_ad.jpg in Resources */,
				F0AA4F961B93ECE7007EDEA9 /* tabbar_forum0@3x~iphone.png in Resources */,
				F0AA4F9D1B93ECE7007EDEA9 /* tabbar_profile0@2x~iphone.png in Resources */,
				F0AA4FA01B93ECE7007EDEA9 /* tabbar_profile1@3x~iphone.png in Resources */,
				F0C5F6BE1B53D1E000B2C20D /* Images.xcassets in Resources */,
				F0AA4F9A1B93ECE7007EDEA9 /* tabbar_gallery0@3x~iphone.png in Resources */,
			);
			runOnlyForDeploymentPostprocessing = 0;
		};
		F0C5F6C41B53D1E000B2C20D /* Resources */ = {
			isa = PBXResourcesBuildPhase;
			buildActionMask = 2147483647;
			files = (
			);
			runOnlyForDeploymentPostprocessing = 0;
		};
/* End PBXResourcesBuildPhase section */

/* Begin PBXSourcesBuildPhase section */
		F0C5F6AD1B53D1E000B2C20D /* Sources */ = {
			isa = PBXSourcesBuildPhase;
			buildActionMask = 2147483647;
			files = (
				F09C7AB11B7CAEDC00648615 /* KASegmentControl.m in Sources */,
				F0ADE21C1B55FEC8005E84FA /* DetailController.swift in Sources */,
				F0507E651B675666007E9024 /* ForumFloorListController.swift in Sources */,
				F028C1761B9C435B00B8CECA /* GalleryMenuView.swift in Sources */,
				F09ADD791B563452009B3A6D /* PhoneMainTabBarButton.m in Sources */,
				F0A1C3A31B5CCCDA001597CF /* MainConfig.swift in Sources */,
				F00632231B9DA7D000C4D9C5 /* GalleryMenuSubView.swift in Sources */,
				F0D00E751B917AAB0056BE3E /* TabBarToggleBtn.swift in Sources */,
				F0B6FABC1B81F3D000EE2439 /* GalleryViewCell.swift in Sources */,
				F09ADDA11B5640DD009B3A6D /* CommonDefine.swift in Sources */,
				F0A5E1461BA0534400BDA6BA /* ForumReplyListController.swift in Sources */,
				F09C7AA71B7CA60900648615 /* DSViewController.swift in Sources */,
				F0E574FA1B6784BE000053B8 /* RefreshView.m in Sources */,
				F0C3C2511B5FA59500AB6E35 /* HomeController.swift in Sources */,
				F0D00E991B9191B60056BE3E /* MainTabBar.swift in Sources */,
				F028C1781B9C43CA00B8CECA /* GalleryMenuButton.swift in Sources */,
				F0A20AD61B624A9500F1F311 /* CocoaSecurity.m in Sources */,
				F09C7AB01B7CAEDC00648615 /* KASegmentButton.m in Sources */,
				F092E2941B6A357B003D2D30 /* ForumFloorCell.swift in Sources */,
				F0A5E1481BA0536000BDA6BA /* ForumReplyCell.swift in Sources */,
				F0A5E1401BA04B3800BDA6BA /* ForumFloorData.swift in Sources */,
				F08749B41B54B905006E1FD3 /* MainViewController.swift in Sources */,
				F08749BC1B54E872006E1FD3 /* GalleryViewController.swift in Sources */,
				F0E574F81B6784BE000053B8 /* LoadView.m in Sources */,
				417BEF9A1B5A4F9300F896A5 /* ArrayDataSource.m in Sources */,
				F0E574F91B6784BE000053B8 /* RefreshIconView.m in Sources */,
				F05455561B7F9588004282F4 /* CHTCollectionViewWaterfallLayout.m in Sources */,
				F0A20AC71B6246EA00F1F311 /* ApiBuilder.m in Sources */,
				F0A5E13A1BA045FA00BDA6BA /* ForumNewThreadController.swift in Sources */,
				F0C3C2A01B60EA9C00AB6E35 /* HomeCell.swift in Sources */,
				F0507E691B6756D3007E9024 /* KnowledgeListCell.swift in Sources */,
				F0A5E1421BA04B4800BDA6BA /* ForumReplyData.swift in Sources */,
				F0A1C3AB1B5CE296001597CF /* HomeTableCell.swift in Sources */,
				F08749BE1B54E89E006E1FD3 /* ProfileViewController.swift in Sources */,
				F0D00E7F1B9182570056BE3E /* TabBarView.swift in Sources */,
				F0C5F6B91B53D1E000B2C20D /* ViewController.swift in Sources */,
				F0D00EA51B91AF160056BE3E /* TopBarView.swift in Sources */,
				F028C1701B9C417A00B8CECA /* GalleryDetailController.swift in Sources */,
				417BEF9D1B5A535300F896A5 /* FileHelp.m in Sources */,
				F0507E5D1B67561A007E9024 /* KnowledgeDetailController.swift in Sources */,
				F0A20AD31B62499E00F1F311 /* CommonUtility.m in Sources */,
				F09AB5111B74A0E400050A5C /* HomeGridCell.swift in Sources */,
				F028C17A1B9C479300B8CECA /* GalleryMenuItem.swift in Sources */,
				F0BDA8E51B9EFE6700176531 /* ForumTopicData.swift in Sources */,
				F0A20AD81B62548800F1F311 /* KnowledgeListController.swift in Sources */,
				F09AB50B1B74A0BF00050A5C /* HomeGridViewController.swift in Sources */,
				F0C5F6B71B53D1E000B2C20D /* AppDelegate.swift in Sources */,
				F0A5E1441BA04C5000BDA6BA /* UserInfoData.swift in Sources */,
			);
			runOnlyForDeploymentPostprocessing = 0;
		};
		F0C5F6C21B53D1E000B2C20D /* Sources */ = {
			isa = PBXSourcesBuildPhase;
			buildActionMask = 2147483647;
			files = (
				F0C5F6CD1B53D1E000B2C20D /* DingshanSwiftTests.swift in Sources */,
			);
			runOnlyForDeploymentPostprocessing = 0;
		};
/* End PBXSourcesBuildPhase section */

/* Begin PBXTargetDependency section */
		F0C5F6C81B53D1E000B2C20D /* PBXTargetDependency */ = {
			isa = PBXTargetDependency;
			target = F0C5F6B01B53D1E000B2C20D /* DingshanSwift */;
			targetProxy = F0C5F6C71B53D1E000B2C20D /* PBXContainerItemProxy */;
		};
/* End PBXTargetDependency section */

/* Begin PBXVariantGroup section */
		F0C5F6BA1B53D1E000B2C20D /* Main.storyboard */ = {
			isa = PBXVariantGroup;
			children = (
				F0C5F6BB1B53D1E000B2C20D /* Base */,
			);
			name = Main.storyboard;
			sourceTree = "<group>";
		};
		F0C5F6BF1B53D1E000B2C20D /* LaunchScreen.xib */ = {
			isa = PBXVariantGroup;
			children = (
				F0C5F6C01B53D1E000B2C20D /* Base */,
			);
			name = LaunchScreen.xib;
			sourceTree = "<group>";
		};
/* End PBXVariantGroup section */

/* Begin XCBuildConfiguration section */
		F0C5F6CE1B53D1E000B2C20D /* Debug */ = {
			isa = XCBuildConfiguration;
			buildSettings = {
				ALWAYS_SEARCH_USER_PATHS = NO;
				ASSETCATALOG_COMPILER_LAUNCHIMAGE_NAME = LaunchImage;
				CLANG_CXX_LANGUAGE_STANDARD = "gnu++0x";
				CLANG_CXX_LIBRARY = "libc++";
				CLANG_ENABLE_MODULES = YES;
				CLANG_ENABLE_OBJC_ARC = YES;
				CLANG_WARN_BOOL_CONVERSION = YES;
				CLANG_WARN_CONSTANT_CONVERSION = YES;
				CLANG_WARN_DIRECT_OBJC_ISA_USAGE = YES_ERROR;
				CLANG_WARN_EMPTY_BODY = YES;
				CLANG_WARN_ENUM_CONVERSION = YES;
				CLANG_WARN_INT_CONVERSION = YES;
				CLANG_WARN_OBJC_ROOT_CLASS = YES_ERROR;
				CLANG_WARN_UNREACHABLE_CODE = YES;
				CLANG_WARN__DUPLICATE_METHOD_MATCH = YES;
				"CODE_SIGN_IDENTITY[sdk=iphoneos*]" = "iPhone Developer";
				COPY_PHASE_STRIP = NO;
				DEBUG_INFORMATION_FORMAT = "dwarf-with-dsym";
				ENABLE_STRICT_OBJC_MSGSEND = YES;
				GCC_C_LANGUAGE_STANDARD = gnu99;
				GCC_DYNAMIC_NO_PIC = NO;
				GCC_NO_COMMON_BLOCKS = YES;
				GCC_OPTIMIZATION_LEVEL = 0;
				GCC_PREPROCESSOR_DEFINITIONS = (
					"DEBUG=1",
					"$(inherited)",
				);
				GCC_SYMBOLS_PRIVATE_EXTERN = NO;
				GCC_WARN_64_TO_32_BIT_CONVERSION = YES;
				GCC_WARN_ABOUT_RETURN_TYPE = YES_ERROR;
				GCC_WARN_UNDECLARED_SELECTOR = YES;
				GCC_WARN_UNINITIALIZED_AUTOS = YES_AGGRESSIVE;
				GCC_WARN_UNUSED_FUNCTION = YES;
				GCC_WARN_UNUSED_VARIABLE = YES;
				IPHONEOS_DEPLOYMENT_TARGET = 8.0;
				MTL_ENABLE_DEBUG_INFO = YES;
				ONLY_ACTIVE_ARCH = YES;
				SDKROOT = iphoneos;
				SWIFT_OBJC_BRIDGING_HEADER = "DingshanSwift/Bridging-Header.h";
				SWIFT_OPTIMIZATION_LEVEL = "-Onone";
				USER_HEADER_SEARCH_PATHS = "";
			};
			name = Debug;
		};
		F0C5F6CF1B53D1E000B2C20D /* Release */ = {
			isa = XCBuildConfiguration;
			buildSettings = {
				ALWAYS_SEARCH_USER_PATHS = NO;
				ASSETCATALOG_COMPILER_LAUNCHIMAGE_NAME = LaunchImage;
				CLANG_CXX_LANGUAGE_STANDARD = "gnu++0x";
				CLANG_CXX_LIBRARY = "libc++";
				CLANG_ENABLE_MODULES = YES;
				CLANG_ENABLE_OBJC_ARC = YES;
				CLANG_WARN_BOOL_CONVERSION = YES;
				CLANG_WARN_CONSTANT_CONVERSION = YES;
				CLANG_WARN_DIRECT_OBJC_ISA_USAGE = YES_ERROR;
				CLANG_WARN_EMPTY_BODY = YES;
				CLANG_WARN_ENUM_CONVERSION = YES;
				CLANG_WARN_INT_CONVERSION = YES;
				CLANG_WARN_OBJC_ROOT_CLASS = YES_ERROR;
				CLANG_WARN_UNREACHABLE_CODE = YES;
				CLANG_WARN__DUPLICATE_METHOD_MATCH = YES;
				"CODE_SIGN_IDENTITY[sdk=iphoneos*]" = "iPhone Developer";
				COPY_PHASE_STRIP = NO;
				DEBUG_INFORMATION_FORMAT = "dwarf-with-dsym";
				ENABLE_NS_ASSERTIONS = NO;
				ENABLE_STRICT_OBJC_MSGSEND = YES;
				GCC_C_LANGUAGE_STANDARD = gnu99;
				GCC_NO_COMMON_BLOCKS = YES;
				GCC_WARN_64_TO_32_BIT_CONVERSION = YES;
				GCC_WARN_ABOUT_RETURN_TYPE = YES_ERROR;
				GCC_WARN_UNDECLARED_SELECTOR = YES;
				GCC_WARN_UNINITIALIZED_AUTOS = YES_AGGRESSIVE;
				GCC_WARN_UNUSED_FUNCTION = YES;
				GCC_WARN_UNUSED_VARIABLE = YES;
				IPHONEOS_DEPLOYMENT_TARGET = 8.0;
				MTL_ENABLE_DEBUG_INFO = NO;
				SDKROOT = iphoneos;
				SWIFT_OBJC_BRIDGING_HEADER = "DingshanSwift/Bridging-Header.h";
				USER_HEADER_SEARCH_PATHS = "";
				VALIDATE_PRODUCT = YES;
			};
			name = Release;
		};
		F0C5F6D11B53D1E000B2C20D /* Debug */ = {
			isa = XCBuildConfiguration;
			buildSettings = {
				ASSETCATALOG_COMPILER_APPICON_NAME = AppIcon;
				CODE_SIGN_IDENTITY = "iPhone Developer";
				"CODE_SIGN_IDENTITY[sdk=iphoneos*]" = "iPhone Developer";
				INFOPLIST_FILE = DingshanSwift/Info.plist;
				IPHONEOS_DEPLOYMENT_TARGET = 8.0;
				LD_RUNPATH_SEARCH_PATHS = "$(inherited) @executable_path/Frameworks";
				OTHER_LDFLAGS = "";
				PRODUCT_NAME = "$(TARGET_NAME)";
				PROVISIONING_PROFILE = "";
				SWIFT_OBJC_BRIDGING_HEADER = "DingshanSwift/Bridging-Header.h";
			};
			name = Debug;
		};
		F0C5F6D21B53D1E000B2C20D /* Release */ = {
			isa = XCBuildConfiguration;
			buildSettings = {
				ASSETCATALOG_COMPILER_APPICON_NAME = AppIcon;
				CODE_SIGN_IDENTITY = "iPhone Developer";
				"CODE_SIGN_IDENTITY[sdk=iphoneos*]" = "iPhone Developer";
				INFOPLIST_FILE = DingshanSwift/Info.plist;
				IPHONEOS_DEPLOYMENT_TARGET = 8.0;
				LD_RUNPATH_SEARCH_PATHS = "$(inherited) @executable_path/Frameworks";
				OTHER_LDFLAGS = "";
				PRODUCT_NAME = "$(TARGET_NAME)";
				PROVISIONING_PROFILE = "";
				SWIFT_OBJC_BRIDGING_HEADER = "DingshanSwift/Bridging-Header.h";
			};
			name = Release;
		};
		F0C5F6D41B53D1E000B2C20D /* Debug */ = {
			isa = XCBuildConfiguration;
			buildSettings = {
				BUNDLE_LOADER = "$(TEST_HOST)";
				FRAMEWORK_SEARCH_PATHS = (
					"$(SDKROOT)/Developer/Library/Frameworks",
					"$(inherited)",
				);
				GCC_PREPROCESSOR_DEFINITIONS = (
					"DEBUG=1",
					"$(inherited)",
				);
				INFOPLIST_FILE = DingshanSwiftTests/Info.plist;
				LD_RUNPATH_SEARCH_PATHS = "$(inherited) @executable_path/Frameworks @loader_path/Frameworks";
				PRODUCT_NAME = "$(TARGET_NAME)";
				TEST_HOST = "$(BUILT_PRODUCTS_DIR)/DingshanSwift.app/DingshanSwift";
			};
			name = Debug;
		};
		F0C5F6D51B53D1E000B2C20D /* Release */ = {
			isa = XCBuildConfiguration;
			buildSettings = {
				BUNDLE_LOADER = "$(TEST_HOST)";
				FRAMEWORK_SEARCH_PATHS = (
					"$(SDKROOT)/Developer/Library/Frameworks",
					"$(inherited)",
				);
				INFOPLIST_FILE = DingshanSwiftTests/Info.plist;
				LD_RUNPATH_SEARCH_PATHS = "$(inherited) @executable_path/Frameworks @loader_path/Frameworks";
				PRODUCT_NAME = "$(TARGET_NAME)";
				TEST_HOST = "$(BUILT_PRODUCTS_DIR)/DingshanSwift.app/DingshanSwift";
			};
			name = Release;
		};
/* End XCBuildConfiguration section */

/* Begin XCConfigurationList section */
		F0C5F6AC1B53D1E000B2C20D /* Build configuration list for PBXProject "DingshanSwift" */ = {
			isa = XCConfigurationList;
			buildConfigurations = (
				F0C5F6CE1B53D1E000B2C20D /* Debug */,
				F0C5F6CF1B53D1E000B2C20D /* Release */,
			);
			defaultConfigurationIsVisible = 0;
			defaultConfigurationName = Release;
		};
		F0C5F6D01B53D1E000B2C20D /* Build configuration list for PBXNativeTarget "DingshanSwift" */ = {
			isa = XCConfigurationList;
			buildConfigurations = (
				F0C5F6D11B53D1E000B2C20D /* Debug */,
				F0C5F6D21B53D1E000B2C20D /* Release */,
			);
			defaultConfigurationIsVisible = 0;
			defaultConfigurationName = Release;
		};
		F0C5F6D31B53D1E000B2C20D /* Build configuration list for PBXNativeTarget "DingshanSwiftTests" */ = {
			isa = XCConfigurationList;
			buildConfigurations = (
				F0C5F6D41B53D1E000B2C20D /* Debug */,
				F0C5F6D51B53D1E000B2C20D /* Release */,
			);
			defaultConfigurationIsVisible = 0;
			defaultConfigurationName = Release;
		};
/* End XCConfigurationList section */
	};
	rootObject = F0C5F6A91B53D1E000B2C20D /* Project object */;
}
